
Microsoft Visual Studio Solution File, Format Version 12.00
# Visual Studio Version 17
VisualStudioVersion = 17.14.36623.8
MinimumVisualStudioVersion = 10.0.40219.1
Project("{FAE04EC0-301F-11D3-BF4B-00C04F79EFBC}") = "DrawingApp.Core", "DrawingApp.Core\DrawingApp.Core.csproj", "{C69785A6-18DE-4297-926A-1F0DE6BA4EFC}"
EndProject
Project("{FAE04EC0-301F-11D3-BF4B-00C04F79EFBC}") = "DrawingApp.Data", "DrawingApp.Data\DrawingApp.Data.csproj", "{8082350B-0BA4-43A7-BB94-6E5AC88F639D}"
	ProjectSection(ProjectDependencies) = postProject
		{C69785A6-18DE-4297-926A-1F0DE6BA4EFC} = {C69785A6-18DE-4297-926A-1F0DE6BA4EFC}
	EndProjectSection
EndProject
Project("{FAE04EC0-301F-11D3-BF4B-00C04F79EFBC}") = "DrawingApp.UI", "DrawingApp.UI\DrawingApp.UI.csproj", "{CF96A385-9872-409D-9074-04ABD1A29C65}"
	ProjectSection(ProjectDependencies) = postProject
		{8082350B-0BA4-43A7-BB94-6E5AC88F639D} = {8082350B-0BA4-43A7-BB94-6E5AC88F639D}
		{C69785A6-18DE-4297-926A-1F0DE6BA4EFC} = {C69785A6-18DE-4297-926A-1F0DE6BA4EFC}
	EndProjectSection
EndProject
Global
	GlobalSection(SolutionConfigurationPlatforms) = preSolution
		Debug|Any CPU = Debug|Any CPU
		Release|Any CPU = Release|Any CPU
	EndGlobalSection
	GlobalSection(ProjectConfigurationPlatforms) = postSolution
		{C69785A6-18DE-4297-926A-1F0DE6BA4EFC}.Debug|Any CPU.ActiveCfg = Debug|Any CPU
		{C69785A6-18DE-4297-926A-1F0DE6BA4EFC}.Debug|Any CPU.Build.0 = Debug|Any CPU
		{C69785A6-18DE-4297-926A-1F0DE6BA4EFC}.Release|Any CPU.ActiveCfg = Release|Any CPU
		{C69785A6-18DE-4297-926A-1F0DE6BA4EFC}.Release|Any CPU.Build.0 = Release|Any CPU
		{8082350B-0BA4-43A7-BB94-6E5AC88F639D}.Debug|Any CPU.ActiveCfg = Debug|Any CPU
		{8082350B-0BA4-43A7-BB94-6E5AC88F639D}.Debug|Any CPU.Build.0 = Debug|Any CPU
		{8082350B-0BA4-43A7-BB94-6E5AC88F639D}.Release|Any CPU.ActiveCfg = Release|Any CPU
		{8082350B-0BA4-43A7-BB94-6E5AC88F639D}.Release|Any CPU.Build.0 = Release|Any CPU
		{CF96A385-9872-409D-9074-04ABD1A29C65}.Debug|Any CPU.ActiveCfg = Debug|x64
		{CF96A385-9872-409D-9074-04ABD1A29C65}.Debug|Any CPU.Build.0 = Debug|x64
		{CF96A385-9872-409D-9074-04ABD1A29C65}.Debug|Any CPU.Deploy.0 = Debug|x64
		{CF96A385-9872-409D-9074-04ABD1A29C65}.Release|Any CPU.ActiveCfg = Release|x64
		{CF96A385-9872-409D-9074-04ABD1A29C65}.Release|Any CPU.Build.0 = Release|x64
		{CF96A385-9872-409D-9074-04ABD1A29C65}.Release|Any CPU.Deploy.0 = Release|x64
	EndGlobalSection
	GlobalSection(SolutionProperties) = preSolution
		HideSolutionNode = FALSE
	EndGlobalSection
	GlobalSection(ExtensibilityGlobals) = postSolution
		SolutionGuid = {44108BF6-1393-4DDC-912D-64FCCF402E2A}
	EndGlobalSection
EndGlobal
